
Microsoft Visual Studio Solution File, Format Version 12.00
# Visual Studio Version 17
VisualStudioVersion = 17.7.34003.232
MinimumVisualStudioVersion = 10.0.40219.1
Project("{FAE04EC0-301F-11D3-BF4B-00C04F79EFBC}") = "SomethingSomethingReadyOrNot", "SomethingSomethingReadyOrNot\SomethingSomethingReadyOrNot.csproj", "{A140BDB9-947A-4C36-8A53-766994316E46}"
EndProject
Global
	GlobalSection(SolutionConfigurationPlatforms) = preSolution
		Debug|Any CPU = Debug|Any CPU
		Release|Any CPU = Release|Any CPU
	EndGlobalSection
	GlobalSection(ProjectConfigurationPlatforms) = postSolution
		{A140BDB9-947A-4C36-8A53-766994316E46}.Debug|Any CPU.ActiveCfg = Debug|Any CPU
		{A140BDB9-947A-4C36-8A53-766994316E46}.Debug|Any CPU.Build.0 = Debug|Any CPU
		{A140BDB9-947A-4C36-8A53-766994316E46}.Release|Any CPU.ActiveCfg = Release|Any CPU
		{A140BDB9-947A-4C36-8A53-766994316E46}.Release|Any CPU.Build.0 = Release|Any CPU
	EndGlobalSection
	GlobalSection(SolutionProperties) = preSolution
		HideSolutionNode = FALSE
	EndGlobalSection
	GlobalSection(ExtensibilityGlobals) = postSolution
		SolutionGuid = {C1265B34-F213-434A-B01B-85A5B47C8E06}
	EndGlobalSection
EndGlobal
